// !$*UTF8*$!
{
	archiveVersion = 1;
	classes = {
	};
	objectVersion = 77;
	objects = {

/* Begin PBXBuildFile section */
		A6E0000000000000000000A1 /* AgendouCore in Frameworks */ = {isa = PBXBuildFile; productRef = A6E0000000000000000000A0 /* AgendouCore */; };
		A6E0000000000000000000B1 /* AgendouStore in Frameworks */ = {isa = PBXBuildFile; productRef = A6E0000000000000000000B0 /* AgendouStore */; };
		A6E0000000000000000000DA /* AgendouCore in Frameworks */ = {isa = PBXBuildFile; productRef = A6E0000000000000000000DC /* AgendouCore */; };
		A6E0000000000000000000DB /* AgendouStore in Frameworks */ = {isa = PBXBuildFile; productRef = A6E0000000000000000000DD /* AgendouStore */; };
		A6E0000000000000000000E0 /* AgendouWidget.appex in Embed Foundation Extensions */ = {isa = PBXBuildFile; fileRef = A6E0000000000000000000D2 /* AgendouWidget.appex */; settings = {ATTRIBUTES = (RemoveHeadersOnCopy, ); }; };
/* End PBXBuildFile section */

/* Begin PBXContainerItemProxy section */
		A6E0000000000000000000C9 /* PBXContainerItemProxy */ = {
			isa = PBXContainerItemProxy;
			containerPortal = A6E000000000000000000001 /* Project object */;
			proxyType = 1;
			remoteGlobalIDString = A6E000000000000000000020;
			remoteInfo = Agendou;
		};
		A6E0000000000000000000DE /* PBXContainerItemProxy */ = {
			isa = PBXContainerItemProxy;
			containerPortal = A6E000000000000000000001 /* Project object */;
			proxyType = 1;
			remoteGlobalIDString = A6E0000000000000000000D3;
			remoteInfo = AgendouWidget;
		};
/* End PBXContainerItemProxy section */

/* Begin PBXCopyFilesBuildPhase section */
		A6E0000000000000000000E1 /* Embed Foundation Extensions */ = {
			isa = PBXCopyFilesBuildPhase;
			buildActionMask = 2147483647;
			dstPath = "";
			dstSubfolderSpec = 13;
			files = (
				A6E0000000000000000000E0 /* AgendouWidget.appex in Embed Foundation Extensions */,
			);
			name = "Embed Foundation Extensions";
			runOnlyForDeploymentPostprocessing = 0;
		};
/* End PBXCopyFilesBuildPhase section */

/* Begin PBXFileReference section */
		A6E000000000000000000004 /* Agendou.app */ = {isa = PBXFileReference; explicitFileType = wrapper.application; includeInIndex = 0; path = Agendou.app; sourceTree = BUILT_PRODUCTS_DIR; };
		A6E000000000000000000011 /* Agendou.entitlements */ = {isa = PBXFileReference; lastKnownFileType = text.plist.entitlements; path = Agendou.entitlements; sourceTree = "<group>"; };
		A6E0000000000000000000C1 /* AgendouUITests.xctest */ = {isa = PBXFileReference; explicitFileType = wrapper.cfbundle; includeInIndex = 0; path = AgendouUITests.xctest; sourceTree = BUILT_PRODUCTS_DIR; };
		A6E0000000000000000000D2 /* AgendouWidget.appex */ = {isa = PBXFileReference; explicitFileType = "wrapper.app-extension"; includeInIndex = 0; path = AgendouWidget.appex; sourceTree = BUILT_PRODUCTS_DIR; };
		A6E0000000000000000000E2 /* AgendouWidget.entitlements */ = {isa = PBXFileReference; lastKnownFileType = text.plist.entitlements; path = AgendouWidget.entitlements; sourceTree = "<group>"; };
		A6E0000000000000000000E3 /* AgendouWidget-Info.plist */ = {isa = PBXFileReference; lastKnownFileType = text.plist.xml; path = "AgendouWidget-Info.plist"; sourceTree = "<group>"; };
/* End PBXFileReference section */

/* Begin PBXFileSystemSynchronizedRootGroup section */
		A6E000000000000000000010 /* Agendou */ = {
			isa = PBXFileSystemSynchronizedRootGroup;
			path = Agendou;
			sourceTree = "<group>";
		};
		A6E0000000000000000000C0 /* AgendouUITests */ = {
			isa = PBXFileSystemSynchronizedRootGroup;
			path = AgendouUITests;
			sourceTree = "<group>";
		};
		A6E0000000000000000000D0 /* AgendouWidget */ = {
			isa = PBXFileSystemSynchronizedRootGroup;
			path = AgendouWidget;
			sourceTree = "<group>";
		};
		A6E0000000000000000000D1 /* AgendouShared */ = {
			isa = PBXFileSystemSynchronizedRootGroup;
			path = AgendouShared;
			sourceTree = "<group>";
		};
/* End PBXFileSystemSynchronizedRootGroup section */

/* Begin PBXFrameworksBuildPhase section */
		A6E000000000000000000023 /* Frameworks */ = {
			isa = PBXFrameworksBuildPhase;
			buildActionMask = 2147483647;
			files = (
				A6E0000000000000000000A1 /* AgendouCore in Frameworks */,
				A6E0000000000000000000B1 /* AgendouStore in Frameworks */,
			);
			runOnlyForDeploymentPostprocessing = 0;
		};
		A6E0000000000000000000C7 /* Frameworks */ = {
			isa = PBXFrameworksBuildPhase;
			buildActionMask = 2147483647;
			files = (
			);
			runOnlyForDeploymentPostprocessing = 0;
		};
		A6E0000000000000000000D8 /* Frameworks */ = {
			isa = PBXFrameworksBuildPhase;
			buildActionMask = 2147483647;
			files = (
				A6E0000000000000000000DA /* AgendouCore in Frameworks */,
				A6E0000000000000000000DB /* AgendouStore in Frameworks */,
			);
			runOnlyForDeploymentPostprocessing = 0;
		};
/* End PBXFrameworksBuildPhase section */

/* Begin PBXGroup section */
		A6E000000000000000000002 = {
			isa = PBXGroup;
			children = (
				A6E000000000000000000010 /* Agendou */,
				A6E0000000000000000000C0 /* AgendouUITests */,
				A6E0000000000000000000D0 /* AgendouWidget */,
				A6E0000000000000000000D1 /* AgendouShared */,
				A6E000000000000000000012 /* Config */,
				A6E000000000000000000003 /* Products */,
			);
			sourceTree = "<group>";
		};
		A6E000000000000000000003 /* Products */ = {
			isa = PBXGroup;
			children = (
				A6E000000000000000000004 /* Agendou.app */,
				A6E0000000000000000000C1 /* AgendouUITests.xctest */,
				A6E0000000000000000000D2 /* AgendouWidget.appex */,
			);
			name = Products;
			sourceTree = "<group>";
		};
		A6E000000000000000000012 /* Config */ = {
			isa = PBXGroup;
			children = (
				A6E000000000000000000011 /* Agendou.entitlements */,
				A6E0000000000000000000E2 /* AgendouWidget.entitlements */,
				A6E0000000000000000000E3 /* AgendouWidget-Info.plist */,
			);
			path = Config;
			sourceTree = "<group>";
		};
/* End PBXGroup section */

/* Begin PBXNativeTarget section */
		A6E000000000000000000020 /* Agendou */ = {
			isa = PBXNativeTarget;
			buildConfigurationList = A6E000000000000000000021 /* Build configuration list for PBXNativeTarget "Agendou" */;
			buildPhases = (
				A6E000000000000000000022 /* Sources */,
				A6E000000000000000000023 /* Frameworks */,
				A6E000000000000000000024 /* Resources */,
				A6E0000000000000000000E1 /* Embed Foundation Extensions */,
			);
			buildRules = (
			);
			dependencies = (
				A6E0000000000000000000DF /* PBXTargetDependency */,
			);
			fileSystemSynchronizedGroups = (
				A6E000000000000000000010 /* Agendou */,
				A6E0000000000000000000D1 /* AgendouShared */,
			);
			name = Agendou;
			packageProductDependencies = (
				A6E0000000000000000000A0 /* AgendouCore */,
				A6E0000000000000000000B0 /* AgendouStore */,
			);
			productName = Agendou;
			productReference = A6E000000000000000000004 /* Agendou.app */;
			productType = "com.apple.product-type.application";
		};
		A6E0000000000000000000C2 /* AgendouUITests */ = {
			isa = PBXNativeTarget;
			buildConfigurationList = A6E0000000000000000000C3 /* Build configuration list for PBXNativeTarget "AgendouUITests" */;
			buildPhases = (
				A6E0000000000000000000C6 /* Sources */,
				A6E0000000000000000000C7 /* Frameworks */,
				A6E0000000000000000000C8 /* Resources */,
			);
			buildRules = (
			);
			dependencies = (
				A6E0000000000000000000CA /* PBXTargetDependency */,
			);
			fileSystemSynchronizedGroups = (
				A6E0000000000000000000C0 /* AgendouUITests */,
			);
			name = AgendouUITests;
			packageProductDependencies = (
			);
			productName = AgendouUITests;
			productReference = A6E0000000000000000000C1 /* AgendouUITests.xctest */;
			productType = "com.apple.product-type.bundle.ui-testing";
		};
		A6E0000000000000000000D3 /* AgendouWidget */ = {
			isa = PBXNativeTarget;
			buildConfigurationList = A6E0000000000000000000D4 /* Build configuration list for PBXNativeTarget "AgendouWidget" */;
			buildPhases = (
				A6E0000000000000000000D7 /* Sources */,
				A6E0000000000000000000D8 /* Frameworks */,
				A6E0000000000000000000D9 /* Resources */,
			);
			buildRules = (
			);
			dependencies = (
			);
			fileSystemSynchronizedGroups = (
				A6E0000000000000000000D0 /* AgendouWidget */,
				A6E0000000000000000000D1 /* AgendouShared */,
			);
			name = AgendouWidget;
			packageProductDependencies = (
				A6E0000000000000000000DC /* AgendouCore */,
				A6E0000000000000000000DD /* AgendouStore */,
			);
			productName = AgendouWidget;
			productReference = A6E0000000000000000000D2 /* AgendouWidget.appex */;
			productType = "com.apple.product-type.app-extension";
		};
/* End PBXNativeTarget section */

/* Begin PBXProject section */
		A6E000000000000000000001 /* Project object */ = {
			isa = PBXProject;
			attributes = {
				BuildIndependentTargetsInParallel = 1;
				LastSwiftUpdateCheck = 2700;
				LastUpgradeCheck = 2700;
				TargetAttributes = {
					A6E000000000000000000020 = {
						CreatedOnToolsVersion = 27.0;
					};
					A6E0000000000000000000C2 = {
						CreatedOnToolsVersion = 27.0;
						TestTargetID = A6E000000000000000000020;
					};
					A6E0000000000000000000D3 = {
						CreatedOnToolsVersion = 27.0;
					};
				};
			};
			buildConfigurationList = A6E000000000000000000005 /* Build configuration list for PBXProject "Agendou" */;
			developmentRegion = "pt-BR";
			hasScannedForEncodings = 0;
			knownRegions = (
				"pt-BR",
				Base,
			);
			mainGroup = A6E000000000000000000002;
			minimizedProjectReferenceProxies = 1;
			packageReferences = (
				A6E0000000000000000000A2 /* XCLocalSwiftPackageReference "Packages/AgendouCore" */,
			);
			preferredProjectObjectVersion = 77;
			productRefGroup = A6E000000000000000000003 /* Products */;
			projectDirPath = "";
			projectRoot = "";
			targets = (
				A6E000000000000000000020 /* Agendou */,
				A6E0000000000000000000C2 /* AgendouUITests */,
				A6E0000000000000000000D3 /* AgendouWidget */,
			);
		};
/* End PBXProject section */

/* Begin PBXResourcesBuildPhase section */
		A6E000000000000000000024 /* Resources */ = {
			isa = PBXResourcesBuildPhase;
			buildActionMask = 2147483647;
			files = (
			);
			runOnlyForDeploymentPostprocessing = 0;
		};
		A6E0000000000000000000C8 /* Resources */ = {
			isa = PBXResourcesBuildPhase;
			buildActionMask = 2147483647;
			files = (
			);
			runOnlyForDeploymentPostprocessing = 0;
		};
		A6E0000000000000000000D9 /* Resources */ = {
			isa = PBXResourcesBuildPhase;
			buildActionMask = 2147483647;
			files = (
			);
			runOnlyForDeploymentPostprocessing = 0;
		};
/* End PBXResourcesBuildPhase section */

/* Begin PBXSourcesBuildPhase section */
		A6E000000000000000000022 /* Sources */ = {
			isa = PBXSourcesBuildPhase;
			buildActionMask = 2147483647;
			files = (
			);
			runOnlyForDeploymentPostprocessing = 0;
		};
		A6E0000000000000000000C6 /* Sources */ = {
			isa = PBXSourcesBuildPhase;
			buildActionMask = 2147483647;
			files = (
			);
			runOnlyForDeploymentPostprocessing = 0;
		};
		A6E0000000000000000000D7 /* Sources */ = {
			isa = PBXSourcesBuildPhase;
			buildActionMask = 2147483647;
			files = (
			);
			runOnlyForDeploymentPostprocessing = 0;
		};
/* End PBXSourcesBuildPhase section */

/* Begin PBXTargetDependency section */
		A6E0000000000000000000CA /* PBXTargetDependency */ = {
			isa = PBXTargetDependency;
			target = A6E000000000000000000020 /* Agendou */;
			targetProxy = A6E0000000000000000000C9 /* PBXContainerItemProxy */;
		};
		A6E0000000000000000000DF /* PBXTargetDependency */ = {
			isa = PBXTargetDependency;
			target = A6E0000000000000000000D3 /* AgendouWidget */;
			targetProxy = A6E0000000000000000000DE /* PBXContainerItemProxy */;
		};
/* End PBXTargetDependency section */

/* Begin XCBuildConfiguration section */
		A6E000000000000000000006 /* Debug */ = {
			isa = XCBuildConfiguration;
			buildSettings = {
				ALWAYS_SEARCH_USER_PATHS = NO;
				ASSETCATALOG_COMPILER_GENERATE_SWIFT_ASSET_SYMBOL_EXTENSIONS = YES;
				CLANG_ENABLE_MODULES = YES;
				CLANG_ENABLE_OBJC_ARC = YES;
				COPY_PHASE_STRIP = NO;
				DEBUG_INFORMATION_FORMAT = dwarf;
				DEVELOPMENT_TEAM = FN69GGASF3;
				ENABLE_STRICT_OBJC_MSGSEND = YES;
				ENABLE_TESTABILITY = YES;
				ENABLE_USER_SCRIPT_SANDBOXING = YES;
				GCC_C_LANGUAGE_STANDARD = gnu17;
				GCC_DYNAMIC_NO_PIC = NO;
				GCC_NO_COMMON_BLOCKS = YES;
				GCC_OPTIMIZATION_LEVEL = 0;
				GCC_PREPROCESSOR_DEFINITIONS = (
					"DEBUG=1",
					"$(inherited)",
				);
				IPHONEOS_DEPLOYMENT_TARGET = 26.0;
				LOCALIZATION_PREFERS_STRING_CATALOGS = YES;
				MTL_ENABLE_DEBUG_INFO = INCLUDE_SOURCE;
				MTL_FAST_MATH = YES;
				ONLY_ACTIVE_ARCH = YES;
				SDKROOT = iphoneos;
				SWIFT_ACTIVE_COMPILATION_CONDITIONS = "DEBUG $(inherited)";
				SWIFT_OPTIMIZATION_LEVEL = "-Onone";
			};
			name = Debug;
		};
		A6E000000000000000000007 /* Release */ = {
			isa = XCBuildConfiguration;
			buildSettings = {
				ALWAYS_SEARCH_USER_PATHS = NO;
				ASSETCATALOG_COMPILER_GENERATE_SWIFT_ASSET_SYMBOL_EXTENSIONS = YES;
				CLANG_ENABLE_MODULES = YES;
				CLANG_ENABLE_OBJC_ARC = YES;
				COPY_PHASE_STRIP = NO;
				DEBUG_INFORMATION_FORMAT = "dwarf-with-dsym";
				DEVELOPMENT_TEAM = FN69GGASF3;
				ENABLE_NS_ASSERTIONS = NO;
				ENABLE_STRICT_OBJC_MSGSEND = YES;
				ENABLE_USER_SCRIPT_SANDBOXING = YES;
				GCC_C_LANGUAGE_STANDARD = gnu17;
				GCC_NO_COMMON_BLOCKS = YES;
				IPHONEOS_DEPLOYMENT_TARGET = 26.0;
				LOCALIZATION_PREFERS_STRING_CATALOGS = YES;
				MTL_ENABLE_DEBUG_INFO = NO;
				MTL_FAST_MATH = YES;
				SDKROOT = iphoneos;
				SWIFT_COMPILATION_MODE = wholemodule;
				VALIDATE_PRODUCT = YES;
			};
			name = Release;
		};
		A6E000000000000000000025 /* Debug */ = {
			isa = XCBuildConfiguration;
			buildSettings = {
				ASSETCATALOG_COMPILER_APPICON_NAME = AppIcon;
				ASSETCATALOG_COMPILER_GLOBAL_ACCENT_COLOR_NAME = AccentColor;
				CODE_SIGN_ENTITLEMENTS = Config/Agendou.entitlements;
				CODE_SIGN_STYLE = Automatic;
				CURRENT_PROJECT_VERSION = 1;
				DEVELOPMENT_TEAM = FN69GGASF3;
				ENABLE_PREVIEWS = YES;
				GENERATE_INFOPLIST_FILE = YES;
				INFOPLIST_KEY_CFBundleDisplayName = Agendou;
				INFOPLIST_KEY_ITSAppUsesNonExemptEncryption = NO;
				INFOPLIST_KEY_UIApplicationSceneManifest_Generation = YES;
				INFOPLIST_KEY_UIApplicationSupportsIndirectInputEvents = YES;
				INFOPLIST_KEY_UILaunchScreen_Generation = YES;
				INFOPLIST_KEY_UISupportedInterfaceOrientations = "UIInterfaceOrientationPortrait UIInterfaceOrientationLandscapeLeft UIInterfaceOrientationLandscapeRight";
				LD_RUNPATH_SEARCH_PATHS = (
					"$(inherited)",
					"@executable_path/Frameworks",
				);
				MARKETING_VERSION = 0.3.0;
				PRODUCT_BUNDLE_IDENTIFIER = com.lucasfranco.agendou;
				PRODUCT_NAME = "$(TARGET_NAME)";
				SUPPORTED_PLATFORMS = "iphoneos iphonesimulator";
				SUPPORTS_MACCATALYST = NO;
				SUPPORTS_MAC_DESIGNED_FOR_IPHONE_IPAD = NO;
				SUPPORTS_XR_DESIGNED_FOR_IPHONE_IPAD = NO;
				SWIFT_APPROACHABLE_CONCURRENCY = YES;
				SWIFT_DEFAULT_ACTOR_ISOLATION = MainActor;
				SWIFT_EMIT_LOC_STRINGS = YES;
				SWIFT_UPCOMING_FEATURE_MEMBER_IMPORT_VISIBILITY = YES;
				SWIFT_VERSION = 6.0;
				TARGETED_DEVICE_FAMILY = 1;
			};
			name = Debug;
		};
		A6E000000000000000000026 /* Release */ = {
			isa = XCBuildConfiguration;
			buildSettings = {
				ASSETCATALOG_COMPILER_APPICON_NAME = AppIcon;
				ASSETCATALOG_COMPILER_GLOBAL_ACCENT_COLOR_NAME = AccentColor;
				CODE_SIGN_ENTITLEMENTS = Config/Agendou.entitlements;
				CODE_SIGN_STYLE = Automatic;
				CURRENT_PROJECT_VERSION = 1;
				DEVELOPMENT_TEAM = FN69GGASF3;
				ENABLE_PREVIEWS = YES;
				GENERATE_INFOPLIST_FILE = YES;
				INFOPLIST_KEY_CFBundleDisplayName = Agendou;
				INFOPLIST_KEY_ITSAppUsesNonExemptEncryption = NO;
				INFOPLIST_KEY_UIApplicationSceneManifest_Generation = YES;
				INFOPLIST_KEY_UIApplicationSupportsIndirectInputEvents = YES;
				INFOPLIST_KEY_UILaunchScreen_Generation = YES;
				INFOPLIST_KEY_UISupportedInterfaceOrientations = "UIInterfaceOrientationPortrait UIInterfaceOrientationLandscapeLeft UIInterfaceOrientationLandscapeRight";
				LD_RUNPATH_SEARCH_PATHS = (
					"$(inherited)",
					"@executable_path/Frameworks",
				);
				MARKETING_VERSION = 0.3.0;
				PRODUCT_BUNDLE_IDENTIFIER = com.lucasfranco.agendou;
				PRODUCT_NAME = "$(TARGET_NAME)";
				SUPPORTED_PLATFORMS = "iphoneos iphonesimulator";
				SUPPORTS_MACCATALYST = NO;
				SUPPORTS_MAC_DESIGNED_FOR_IPHONE_IPAD = NO;
				SUPPORTS_XR_DESIGNED_FOR_IPHONE_IPAD = NO;
				SWIFT_APPROACHABLE_CONCURRENCY = YES;
				SWIFT_DEFAULT_ACTOR_ISOLATION = MainActor;
				SWIFT_EMIT_LOC_STRINGS = YES;
				SWIFT_UPCOMING_FEATURE_MEMBER_IMPORT_VISIBILITY = YES;
				SWIFT_VERSION = 6.0;
				TARGETED_DEVICE_FAMILY = 1;
			};
			name = Release;
		};
		A6E0000000000000000000C4 /* Debug */ = {
			isa = XCBuildConfiguration;
			buildSettings = {
				CODE_SIGN_STYLE = Automatic;
				CURRENT_PROJECT_VERSION = 1;
				DEVELOPMENT_TEAM = FN69GGASF3;
				GENERATE_INFOPLIST_FILE = YES;
				MARKETING_VERSION = 0.1.0;
				PRODUCT_BUNDLE_IDENTIFIER = com.lucasfranco.agendou.uitests;
				PRODUCT_NAME = "$(TARGET_NAME)";
				SUPPORTED_PLATFORMS = "iphoneos iphonesimulator";
				SUPPORTS_MACCATALYST = NO;
				SWIFT_EMIT_LOC_STRINGS = NO;
				SWIFT_VERSION = 6.0;
				TARGETED_DEVICE_FAMILY = 1;
				TEST_TARGET_NAME = Agendou;
			};
			name = Debug;
		};
		A6E0000000000000000000C5 /* Release */ = {
			isa = XCBuildConfiguration;
			buildSettings = {
				CODE_SIGN_STYLE = Automatic;
				CURRENT_PROJECT_VERSION = 1;
				DEVELOPMENT_TEAM = FN69GGASF3;
				GENERATE_INFOPLIST_FILE = YES;
				MARKETING_VERSION = 0.1.0;
				PRODUCT_BUNDLE_IDENTIFIER = com.lucasfranco.agendou.uitests;
				PRODUCT_NAME = "$(TARGET_NAME)";
				SUPPORTED_PLATFORMS = "iphoneos iphonesimulator";
				SUPPORTS_MACCATALYST = NO;
				SWIFT_EMIT_LOC_STRINGS = NO;
				SWIFT_VERSION = 6.0;
				TARGETED_DEVICE_FAMILY = 1;
				TEST_TARGET_NAME = Agendou;
			};
			name = Release;
		};
		A6E0000000000000000000D5 /* Debug */ = {
			isa = XCBuildConfiguration;
			buildSettings = {
				CODE_SIGN_ENTITLEMENTS = Config/AgendouWidget.entitlements;
				CODE_SIGN_STYLE = Automatic;
				CURRENT_PROJECT_VERSION = 1;
				DEVELOPMENT_TEAM = FN69GGASF3;
				ENABLE_PREVIEWS = YES;
				GENERATE_INFOPLIST_FILE = YES;
				INFOPLIST_FILE = "Config/AgendouWidget-Info.plist";
				INFOPLIST_KEY_CFBundleDisplayName = Agendou;
				LD_RUNPATH_SEARCH_PATHS = (
					"$(inherited)",
					"@executable_path/Frameworks",
					"@executable_path/../../Frameworks",
				);
				MARKETING_VERSION = 0.2.0;
				PRODUCT_BUNDLE_IDENTIFIER = com.lucasfranco.agendou.widget;
				PRODUCT_NAME = "$(TARGET_NAME)";
				SKIP_INSTALL = YES;
				SUPPORTED_PLATFORMS = "iphoneos iphonesimulator";
				SUPPORTS_MACCATALYST = NO;
				SUPPORTS_MAC_DESIGNED_FOR_IPHONE_IPAD = NO;
				SUPPORTS_XR_DESIGNED_FOR_IPHONE_IPAD = NO;
				SWIFT_APPROACHABLE_CONCURRENCY = YES;
				SWIFT_DEFAULT_ACTOR_ISOLATION = MainActor;
				SWIFT_EMIT_LOC_STRINGS = YES;
				SWIFT_UPCOMING_FEATURE_MEMBER_IMPORT_VISIBILITY = YES;
				SWIFT_VERSION = 6.0;
				TARGETED_DEVICE_FAMILY = 1;
			};
			name = Debug;
		};
		A6E0000000000000000000D6 /* Release */ = {
			isa = XCBuildConfiguration;
			buildSettings = {
				CODE_SIGN_ENTITLEMENTS = Config/AgendouWidget.entitlements;
				CODE_SIGN_STYLE = Automatic;
				CURRENT_PROJECT_VERSION = 1;
				DEVELOPMENT_TEAM = FN69GGASF3;
				ENABLE_PREVIEWS = YES;
				GENERATE_INFOPLIST_FILE = YES;
				INFOPLIST_FILE = "Config/AgendouWidget-Info.plist";
				INFOPLIST_KEY_CFBundleDisplayName = Agendou;
				LD_RUNPATH_SEARCH_PATHS = (
					"$(inherited)",
					"@executable_path/Frameworks",
					"@executable_path/../../Frameworks",
				);
				MARKETING_VERSION = 0.2.0;
				PRODUCT_BUNDLE_IDENTIFIER = com.lucasfranco.agendou.widget;
				PRODUCT_NAME = "$(TARGET_NAME)";
				SKIP_INSTALL = YES;
				SUPPORTED_PLATFORMS = "iphoneos iphonesimulator";
				SUPPORTS_MACCATALYST = NO;
				SUPPORTS_MAC_DESIGNED_FOR_IPHONE_IPAD = NO;
				SUPPORTS_XR_DESIGNED_FOR_IPHONE_IPAD = NO;
				SWIFT_APPROACHABLE_CONCURRENCY = YES;
				SWIFT_DEFAULT_ACTOR_ISOLATION = MainActor;
				SWIFT_EMIT_LOC_STRINGS = YES;
				SWIFT_UPCOMING_FEATURE_MEMBER_IMPORT_VISIBILITY = YES;
				SWIFT_VERSION = 6.0;
				TARGETED_DEVICE_FAMILY = 1;
			};
			name = Release;
		};
/* End XCBuildConfiguration section */

/* Begin XCConfigurationList section */
		A6E000000000000000000005 /* Build configuration list for PBXProject "Agendou" */ = {
			isa = XCConfigurationList;
			buildConfigurations = (
				A6E000000000000000000006 /* Debug */,
				A6E000000000000000000007 /* Release */,
			);
			defaultConfigurationIsVisible = 0;
			defaultConfigurationName = Release;
		};
		A6E000000000000000000021 /* Build configuration list for PBXNativeTarget "Agendou" */ = {
			isa = XCConfigurationList;
			buildConfigurations = (
				A6E000000000000000000025 /* Debug */,
				A6E000000000000000000026 /* Release */,
			);
			defaultConfigurationIsVisible = 0;
			defaultConfigurationName = Release;
		};
		A6E0000000000000000000C3 /* Build configuration list for PBXNativeTarget "AgendouUITests" */ = {
			isa = XCConfigurationList;
			buildConfigurations = (
				A6E0000000000000000000C4 /* Debug */,
				A6E0000000000000000000C5 /* Release */,
			);
			defaultConfigurationIsVisible = 0;
			defaultConfigurationName = Release;
		};
		A6E0000000000000000000D4 /* Build configuration list for PBXNativeTarget "AgendouWidget" */ = {
			isa = XCConfigurationList;
			buildConfigurations = (
				A6E0000000000000000000D5 /* Debug */,
				A6E0000000000000000000D6 /* Release */,
			);
			defaultConfigurationIsVisible = 0;
			defaultConfigurationName = Release;
		};
/* End XCConfigurationList section */

/* Begin XCLocalSwiftPackageReference section */
		A6E0000000000000000000A2 /* XCLocalSwiftPackageReference "Packages/AgendouCore" */ = {
			isa = XCLocalSwiftPackageReference;
			relativePath = Packages/AgendouCore;
		};
/* End XCLocalSwiftPackageReference section */

/* Begin XCSwiftPackageProductDependency section */
		A6E0000000000000000000A0 /* AgendouCore */ = {
			isa = XCSwiftPackageProductDependency;
			package = A6E0000000000000000000A2 /* XCLocalSwiftPackageReference "Packages/AgendouCore" */;
			productName = AgendouCore;
		};
		A6E0000000000000000000B0 /* AgendouStore */ = {
			isa = XCSwiftPackageProductDependency;
			package = A6E0000000000000000000A2 /* XCLocalSwiftPackageReference "Packages/AgendouCore" */;
			productName = AgendouStore;
		};
		A6E0000000000000000000DC /* AgendouCore */ = {
			isa = XCSwiftPackageProductDependency;
			package = A6E0000000000000000000A2 /* XCLocalSwiftPackageReference "Packages/AgendouCore" */;
			productName = AgendouCore;
		};
		A6E0000000000000000000DD /* AgendouStore */ = {
			isa = XCSwiftPackageProductDependency;
			package = A6E0000000000000000000A2 /* XCLocalSwiftPackageReference "Packages/AgendouCore" */;
			productName = AgendouStore;
		};
/* End XCSwiftPackageProductDependency section */
	};
	rootObject = A6E000000000000000000001 /* Project object */;
}
